
Microsoft Visual Studio Solution File, Format Version 12.00
# Visual Studio 15
VisualStudioVersion = 15.0.27703.2018
MinimumVisualStudioVersion = 10.0.40219.1
Project("{151D2E53-A2C4-4D7D-83FE-D05416EBD58E}") = "AzureResourceGroup2", "AzureResourceGroup2\AzureResourceGroup2.deployproj", "{25F45E92-269E-4B28-99F1-F20F02384446}"
EndProject
Global
	GlobalSection(SolutionConfigurationPlatforms) = preSolution
		Debug|Any CPU = Debug|Any CPU
		Release|Any CPU = Release|Any CPU
	EndGlobalSection
	GlobalSection(ProjectConfigurationPlatforms) = postSolution
		{25F45E92-269E-4B28-99F1-F20F02384446}.Debug|Any CPU.ActiveCfg = Debug|Any CPU
		{25F45E92-269E-4B28-99F1-F20F02384446}.Debug|Any CPU.Build.0 = Debug|Any CPU
		{25F45E92-269E-4B28-99F1-F20F02384446}.Release|Any CPU.ActiveCfg = Release|Any CPU
		{25F45E92-269E-4B28-99F1-F20F02384446}.Release|Any CPU.Build.0 = Release|Any CPU
	EndGlobalSection
	GlobalSection(SolutionProperties) = preSolution
		HideSolutionNode = FALSE
	EndGlobalSection
	GlobalSection(ExtensibilityGlobals) = postSolution
		SolutionGuid = {38DF0FDF-12FC-4E56-82B4-C169B301BA53}
	EndGlobalSection
EndGlobal
